
Microsoft Visual Studio Solution File, Format Version 12.00
# Visual Studio Version 17
VisualStudioVersion = 17.4.33110.190
MinimumVisualStudioVersion = 10.0.40219.1
Project("{FAE04EC0-301F-11D3-BF4B-00C04F79EFBC}") = "Poemem", "Poemem.csproj", "{07720C0A-AEB9-4092-A168-618EAD6F68AA}"
EndProject
Global
	GlobalSection(SolutionConfigurationPlatforms) = preSolution
		Debug|Any CPU = Debug|Any CPU
		Release|Any CPU = Release|Any CPU
	EndGlobalSection
	GlobalSection(ProjectConfigurationPlatforms) = postSolution
		{07720C0A-AEB9-4092-A168-618EAD6F68AA}.Debug|Any CPU.ActiveCfg = Debug|Any CPU
		{07720C0A-AEB9-4092-A168-618EAD6F68AA}.Debug|Any CPU.Build.0 = Debug|Any CPU
		{07720C0A-AEB9-4092-A168-618EAD6F68AA}.Release|Any CPU.ActiveCfg = Release|Any CPU
		{07720C0A-AEB9-4092-A168-618EAD6F68AA}.Release|Any CPU.Build.0 = Release|Any CPU
	EndGlobalSection
	GlobalSection(SolutionProperties) = preSolution
		HideSolutionNode = FALSE
	EndGlobalSection
	GlobalSection(ExtensibilityGlobals) = postSolution
		SolutionGuid = {024BC4FB-90A7-4E39-A250-2FBF7563350C}
	EndGlobalSection
EndGlobal
