
Microsoft Visual Studio Solution File, Format Version 12.00
# Visual Studio Version 17
VisualStudioVersion = 17.4.33110.190
MinimumVisualStudioVersion = 10.0.40219.1
Project("{9A19103F-16F7-4668-BE54-9A1E7A4F7556}") = "Poemem", "Poemem\Poemem.csproj", "{6FE7AEDE-E3F1-4DAE-ABA4-2666E0BB9B20}"
EndProject
Global
	GlobalSection(SolutionConfigurationPlatforms) = preSolution
		Debug|Any CPU = Debug|Any CPU
		Release|Any CPU = Release|Any CPU
	EndGlobalSection
	GlobalSection(ProjectConfigurationPlatforms) = postSolution
		{6FE7AEDE-E3F1-4DAE-ABA4-2666E0BB9B20}.Debug|Any CPU.ActiveCfg = Debug|Any CPU
		{6FE7AEDE-E3F1-4DAE-ABA4-2666E0BB9B20}.Debug|Any CPU.Build.0 = Debug|Any CPU
		{6FE7AEDE-E3F1-4DAE-ABA4-2666E0BB9B20}.Release|Any CPU.ActiveCfg = Release|Any CPU
		{6FE7AEDE-E3F1-4DAE-ABA4-2666E0BB9B20}.Release|Any CPU.Build.0 = Release|Any CPU
	EndGlobalSection
	GlobalSection(SolutionProperties) = preSolution
		HideSolutionNode = FALSE
	EndGlobalSection
	GlobalSection(ExtensibilityGlobals) = postSolution
		SolutionGuid = {024BC4FB-90A7-4E39-A250-2FBF7563350C}
	EndGlobalSection
EndGlobal
